
Microsoft Visual Studio Solution File, Format Version 12.00
# Visual Studio Version 17
VisualStudioVersion = 17.4.33213.308
MinimumVisualStudioVersion = 10.0.40219.1
Project("{FAE04EC0-301F-11D3-BF4B-00C04F79EFBC}") = "NoUnarmedCombat", "NoUnarmedCombat\NoUnarmedCombat.csproj", "{6245A6E2-549D-4D09-B596-43A8169CAD43}"
EndProject
Project("{FAE04EC0-301F-11D3-BF4B-00C04F79EFBC}") = "TarTweaks", "TarTweaks\TarTweaks.csproj", "{044A0970-23F2-4DA9-832B-24EC80444EFC}"
EndProject
Global
	GlobalSection(SolutionConfigurationPlatforms) = preSolution
		Debug|Any CPU = Debug|Any CPU
		Package|Any CPU = Package|Any CPU
		Release|Any CPU = Release|Any CPU
	EndGlobalSection
	GlobalSection(ProjectConfigurationPlatforms) = postSolution
		{6245A6E2-549D-4D09-B596-43A8169CAD43}.Debug|Any CPU.ActiveCfg = Debug|Any CPU
		{6245A6E2-549D-4D09-B596-43A8169CAD43}.Debug|Any CPU.Build.0 = Debug|Any CPU
		{6245A6E2-549D-4D09-B596-43A8169CAD43}.Package|Any CPU.ActiveCfg = Package|Any CPU
		{6245A6E2-549D-4D09-B596-43A8169CAD43}.Package|Any CPU.Build.0 = Package|Any CPU
		{6245A6E2-549D-4D09-B596-43A8169CAD43}.Release|Any CPU.ActiveCfg = Release|Any CPU
		{6245A6E2-549D-4D09-B596-43A8169CAD43}.Release|Any CPU.Build.0 = Release|Any CPU
		{044A0970-23F2-4DA9-832B-24EC80444EFC}.Debug|Any CPU.ActiveCfg = Debug|Any CPU
		{044A0970-23F2-4DA9-832B-24EC80444EFC}.Debug|Any CPU.Build.0 = Debug|Any CPU
		{044A0970-23F2-4DA9-832B-24EC80444EFC}.Package|Any CPU.ActiveCfg = Package|Any CPU
		{044A0970-23F2-4DA9-832B-24EC80444EFC}.Package|Any CPU.Build.0 = Package|Any CPU
		{044A0970-23F2-4DA9-832B-24EC80444EFC}.Release|Any CPU.ActiveCfg = Release|Any CPU
		{044A0970-23F2-4DA9-832B-24EC80444EFC}.Release|Any CPU.Build.0 = Release|Any CPU
	EndGlobalSection
	GlobalSection(SolutionProperties) = preSolution
		HideSolutionNode = FALSE
	EndGlobalSection
	GlobalSection(ExtensibilityGlobals) = postSolution
		SolutionGuid = {36B9E4CF-2823-4049-B19D-B42FB83D06DB}
	EndGlobalSection
EndGlobal
