
Microsoft Visual Studio Solution File, Format Version 12.00
# Visual Studio Version 17
VisualStudioVersion = 17.4.33213.308
MinimumVisualStudioVersion = 10.0.40219.1
Project("{FAE04EC0-301F-11D3-BF4B-00C04F79EFBC}") = "NoUnarmedCombat", "NoUnarmedCombat\NoUnarmedCombat.csproj", "{6245A6E2-549D-4D09-B596-43A8169CAD43}"
EndProject
Project("{FAE04EC0-301F-11D3-BF4B-00C04F79EFBC}") = "TarTweaks", "TarTweaks\TarTweaks.csproj", "{044A0970-23F2-4DA9-832B-24EC80444EFC}"
EndProject
Project("{FAE04EC0-301F-11D3-BF4B-00C04F79EFBC}") = "PingTweaks", "PingTweaks\PingTweaks.csproj", "{7AF575DC-7A28-4905-AC30-AC848B9D9AA2}"
EndProject
Project("{FAE04EC0-301F-11D3-BF4B-00C04F79EFBC}") = "NoLossyCookingStations", "NoLossyCookingStations\NoLossyCookingStations.csproj", "{E41966F3-8CAF-49E5-B87D-EA41867F24E4}"
EndProject
Project("{FAE04EC0-301F-11D3-BF4B-00C04F79EFBC}") = "LongerPetNames", "LongerPetNames\LongerPetNames.csproj", "{31B1E7E9-BB83-4DC0-9081-C829DF429812}"
EndProject
Project("{FAE04EC0-301F-11D3-BF4B-00C04F79EFBC}") = "MastercraftHammer", "MastercraftHammer\MastercraftHammer.csproj", "{32BB953C-6574-411A-B1E4-D82BEC00FCD0}"
EndProject
Project("{FAE04EC0-301F-11D3-BF4B-00C04F79EFBC}") = "RestfulArrival", "RestfulArrival\RestfulArrival.csproj", "{78540E8C-1CA5-4548-B3C1-5D6259B4DB5E}"
EndProject
Project("{FAE04EC0-301F-11D3-BF4B-00C04F79EFBC}") = "NagMessages", "NagMessages\NagMessages.csproj", "{7F021C97-1954-4A61-83AD-7BB4BE2E18EF}"
EndProject
Project("{FAE04EC0-301F-11D3-BF4B-00C04F79EFBC}") = "Template", "Template\Template.csproj", "{3F970A03-CF31-467B-9A5D-8D74E5A2E8C2}"
EndProject
Project("{FAE04EC0-301F-11D3-BF4B-00C04F79EFBC}") = "InputTweaks", "InputTweaks\InputTweaks.csproj", "{CBD7A961-CDEB-4DB5-AF2C-ADA574C3197F}"
EndProject
Project("{FAE04EC0-301F-11D3-BF4B-00C04F79EFBC}") = "MagneticWishbone", "MagneticWishbone\MagneticWishbone.csproj", "{4533B312-0061-4916-B569-170707A29C8F}"
EndProject
Project("{FAE04EC0-301F-11D3-BF4B-00C04F79EFBC}") = "Memories", "Memories\Memories.csproj", "{8FEB5558-D229-48A5-B282-45680131F27D}"
EndProject
Project("{FAE04EC0-301F-11D3-BF4B-00C04F79EFBC}") = "SuperUltrawideSupport", "SuperUltrawideSupport\SuperUltrawideSupport.csproj", "{8CA56582-078A-4428-B55F-0E59E84925FF}"
EndProject
Project("{FAE04EC0-301F-11D3-BF4B-00C04F79EFBC}") = "CustomSlotItemLib", "CustomSlotItemLib\CustomSlotItemLib.csproj", "{6BCA374E-6DA0-4450-B33C-CEEED956AC8B}"
EndProject
Project("{FAE04EC0-301F-11D3-BF4B-00C04F79EFBC}") = "BorderlessWindowed", "BorderlessWindowed\BorderlessWindowed.csproj", "{0DA70214-2C9C-40A9-9B69-43F07BF97314}"
EndProject
Global
	GlobalSection(SolutionConfigurationPlatforms) = preSolution
		Debug|Any CPU = Debug|Any CPU
		Package|Any CPU = Package|Any CPU
		Release|Any CPU = Release|Any CPU
	EndGlobalSection
	GlobalSection(ProjectConfigurationPlatforms) = postSolution
		{6245A6E2-549D-4D09-B596-43A8169CAD43}.Debug|Any CPU.ActiveCfg = Debug|Any CPU
		{6245A6E2-549D-4D09-B596-43A8169CAD43}.Debug|Any CPU.Build.0 = Debug|Any CPU
		{6245A6E2-549D-4D09-B596-43A8169CAD43}.Package|Any CPU.ActiveCfg = Package|Any CPU
		{6245A6E2-549D-4D09-B596-43A8169CAD43}.Package|Any CPU.Build.0 = Package|Any CPU
		{6245A6E2-549D-4D09-B596-43A8169CAD43}.Release|Any CPU.ActiveCfg = Release|Any CPU
		{6245A6E2-549D-4D09-B596-43A8169CAD43}.Release|Any CPU.Build.0 = Release|Any CPU
		{044A0970-23F2-4DA9-832B-24EC80444EFC}.Debug|Any CPU.ActiveCfg = Debug|Any CPU
		{044A0970-23F2-4DA9-832B-24EC80444EFC}.Debug|Any CPU.Build.0 = Debug|Any CPU
		{044A0970-23F2-4DA9-832B-24EC80444EFC}.Package|Any CPU.ActiveCfg = Package|Any CPU
		{044A0970-23F2-4DA9-832B-24EC80444EFC}.Package|Any CPU.Build.0 = Package|Any CPU
		{044A0970-23F2-4DA9-832B-24EC80444EFC}.Release|Any CPU.ActiveCfg = Release|Any CPU
		{044A0970-23F2-4DA9-832B-24EC80444EFC}.Release|Any CPU.Build.0 = Release|Any CPU
		{7AF575DC-7A28-4905-AC30-AC848B9D9AA2}.Debug|Any CPU.ActiveCfg = Debug|Any CPU
		{7AF575DC-7A28-4905-AC30-AC848B9D9AA2}.Debug|Any CPU.Build.0 = Debug|Any CPU
		{7AF575DC-7A28-4905-AC30-AC848B9D9AA2}.Package|Any CPU.ActiveCfg = Package|Any CPU
		{7AF575DC-7A28-4905-AC30-AC848B9D9AA2}.Package|Any CPU.Build.0 = Package|Any CPU
		{7AF575DC-7A28-4905-AC30-AC848B9D9AA2}.Release|Any CPU.ActiveCfg = Release|Any CPU
		{7AF575DC-7A28-4905-AC30-AC848B9D9AA2}.Release|Any CPU.Build.0 = Release|Any CPU
		{E41966F3-8CAF-49E5-B87D-EA41867F24E4}.Debug|Any CPU.ActiveCfg = Debug|Any CPU
		{E41966F3-8CAF-49E5-B87D-EA41867F24E4}.Debug|Any CPU.Build.0 = Debug|Any CPU
		{E41966F3-8CAF-49E5-B87D-EA41867F24E4}.Package|Any CPU.ActiveCfg = Package|Any CPU
		{E41966F3-8CAF-49E5-B87D-EA41867F24E4}.Package|Any CPU.Build.0 = Package|Any CPU
		{E41966F3-8CAF-49E5-B87D-EA41867F24E4}.Release|Any CPU.ActiveCfg = Release|Any CPU
		{E41966F3-8CAF-49E5-B87D-EA41867F24E4}.Release|Any CPU.Build.0 = Release|Any CPU
		{31B1E7E9-BB83-4DC0-9081-C829DF429812}.Debug|Any CPU.ActiveCfg = Debug|Any CPU
		{31B1E7E9-BB83-4DC0-9081-C829DF429812}.Debug|Any CPU.Build.0 = Debug|Any CPU
		{31B1E7E9-BB83-4DC0-9081-C829DF429812}.Package|Any CPU.ActiveCfg = Package|Any CPU
		{31B1E7E9-BB83-4DC0-9081-C829DF429812}.Package|Any CPU.Build.0 = Package|Any CPU
		{31B1E7E9-BB83-4DC0-9081-C829DF429812}.Release|Any CPU.ActiveCfg = Release|Any CPU
		{31B1E7E9-BB83-4DC0-9081-C829DF429812}.Release|Any CPU.Build.0 = Release|Any CPU
		{32BB953C-6574-411A-B1E4-D82BEC00FCD0}.Debug|Any CPU.ActiveCfg = Debug|Any CPU
		{32BB953C-6574-411A-B1E4-D82BEC00FCD0}.Debug|Any CPU.Build.0 = Debug|Any CPU
		{32BB953C-6574-411A-B1E4-D82BEC00FCD0}.Package|Any CPU.ActiveCfg = Package|Any CPU
		{32BB953C-6574-411A-B1E4-D82BEC00FCD0}.Package|Any CPU.Build.0 = Package|Any CPU
		{32BB953C-6574-411A-B1E4-D82BEC00FCD0}.Release|Any CPU.ActiveCfg = Release|Any CPU
		{32BB953C-6574-411A-B1E4-D82BEC00FCD0}.Release|Any CPU.Build.0 = Release|Any CPU
		{78540E8C-1CA5-4548-B3C1-5D6259B4DB5E}.Debug|Any CPU.ActiveCfg = Debug|Any CPU
		{78540E8C-1CA5-4548-B3C1-5D6259B4DB5E}.Debug|Any CPU.Build.0 = Debug|Any CPU
		{78540E8C-1CA5-4548-B3C1-5D6259B4DB5E}.Package|Any CPU.ActiveCfg = Package|Any CPU
		{78540E8C-1CA5-4548-B3C1-5D6259B4DB5E}.Package|Any CPU.Build.0 = Package|Any CPU
		{78540E8C-1CA5-4548-B3C1-5D6259B4DB5E}.Release|Any CPU.ActiveCfg = Release|Any CPU
		{78540E8C-1CA5-4548-B3C1-5D6259B4DB5E}.Release|Any CPU.Build.0 = Release|Any CPU
		{7F021C97-1954-4A61-83AD-7BB4BE2E18EF}.Debug|Any CPU.ActiveCfg = Debug|Any CPU
		{7F021C97-1954-4A61-83AD-7BB4BE2E18EF}.Debug|Any CPU.Build.0 = Debug|Any CPU
		{7F021C97-1954-4A61-83AD-7BB4BE2E18EF}.Package|Any CPU.ActiveCfg = Package|Any CPU
		{7F021C97-1954-4A61-83AD-7BB4BE2E18EF}.Package|Any CPU.Build.0 = Package|Any CPU
		{7F021C97-1954-4A61-83AD-7BB4BE2E18EF}.Release|Any CPU.ActiveCfg = Release|Any CPU
		{7F021C97-1954-4A61-83AD-7BB4BE2E18EF}.Release|Any CPU.Build.0 = Release|Any CPU
		{3F970A03-CF31-467B-9A5D-8D74E5A2E8C2}.Debug|Any CPU.ActiveCfg = Debug|Any CPU
		{3F970A03-CF31-467B-9A5D-8D74E5A2E8C2}.Debug|Any CPU.Build.0 = Debug|Any CPU
		{3F970A03-CF31-467B-9A5D-8D74E5A2E8C2}.Package|Any CPU.ActiveCfg = Package|Any CPU
		{3F970A03-CF31-467B-9A5D-8D74E5A2E8C2}.Package|Any CPU.Build.0 = Package|Any CPU
		{3F970A03-CF31-467B-9A5D-8D74E5A2E8C2}.Release|Any CPU.ActiveCfg = Release|Any CPU
		{3F970A03-CF31-467B-9A5D-8D74E5A2E8C2}.Release|Any CPU.Build.0 = Release|Any CPU
		{CBD7A961-CDEB-4DB5-AF2C-ADA574C3197F}.Debug|Any CPU.ActiveCfg = Debug|Any CPU
		{CBD7A961-CDEB-4DB5-AF2C-ADA574C3197F}.Debug|Any CPU.Build.0 = Debug|Any CPU
		{CBD7A961-CDEB-4DB5-AF2C-ADA574C3197F}.Package|Any CPU.ActiveCfg = Package|Any CPU
		{CBD7A961-CDEB-4DB5-AF2C-ADA574C3197F}.Package|Any CPU.Build.0 = Package|Any CPU
		{CBD7A961-CDEB-4DB5-AF2C-ADA574C3197F}.Release|Any CPU.ActiveCfg = Release|Any CPU
		{CBD7A961-CDEB-4DB5-AF2C-ADA574C3197F}.Release|Any CPU.Build.0 = Release|Any CPU
		{4533B312-0061-4916-B569-170707A29C8F}.Debug|Any CPU.ActiveCfg = Debug|Any CPU
		{4533B312-0061-4916-B569-170707A29C8F}.Debug|Any CPU.Build.0 = Debug|Any CPU
		{4533B312-0061-4916-B569-170707A29C8F}.Package|Any CPU.ActiveCfg = Package|Any CPU
		{4533B312-0061-4916-B569-170707A29C8F}.Package|Any CPU.Build.0 = Package|Any CPU
		{4533B312-0061-4916-B569-170707A29C8F}.Release|Any CPU.ActiveCfg = Release|Any CPU
		{4533B312-0061-4916-B569-170707A29C8F}.Release|Any CPU.Build.0 = Release|Any CPU
		{8FEB5558-D229-48A5-B282-45680131F27D}.Debug|Any CPU.ActiveCfg = Debug|Any CPU
		{8FEB5558-D229-48A5-B282-45680131F27D}.Debug|Any CPU.Build.0 = Debug|Any CPU
		{8FEB5558-D229-48A5-B282-45680131F27D}.Package|Any CPU.ActiveCfg = Package|Any CPU
		{8FEB5558-D229-48A5-B282-45680131F27D}.Package|Any CPU.Build.0 = Package|Any CPU
		{8FEB5558-D229-48A5-B282-45680131F27D}.Release|Any CPU.ActiveCfg = Release|Any CPU
		{8FEB5558-D229-48A5-B282-45680131F27D}.Release|Any CPU.Build.0 = Release|Any CPU
		{8CA56582-078A-4428-B55F-0E59E84925FF}.Debug|Any CPU.ActiveCfg = Debug|Any CPU
		{8CA56582-078A-4428-B55F-0E59E84925FF}.Debug|Any CPU.Build.0 = Debug|Any CPU
		{8CA56582-078A-4428-B55F-0E59E84925FF}.Package|Any CPU.ActiveCfg = Package|Any CPU
		{8CA56582-078A-4428-B55F-0E59E84925FF}.Package|Any CPU.Build.0 = Package|Any CPU
		{8CA56582-078A-4428-B55F-0E59E84925FF}.Release|Any CPU.ActiveCfg = Release|Any CPU
		{8CA56582-078A-4428-B55F-0E59E84925FF}.Release|Any CPU.Build.0 = Release|Any CPU
		{6BCA374E-6DA0-4450-B33C-CEEED956AC8B}.Debug|Any CPU.ActiveCfg = Debug|Any CPU
		{6BCA374E-6DA0-4450-B33C-CEEED956AC8B}.Debug|Any CPU.Build.0 = Debug|Any CPU
		{6BCA374E-6DA0-4450-B33C-CEEED956AC8B}.Package|Any CPU.ActiveCfg = Package|Any CPU
		{6BCA374E-6DA0-4450-B33C-CEEED956AC8B}.Package|Any CPU.Build.0 = Package|Any CPU
		{6BCA374E-6DA0-4450-B33C-CEEED956AC8B}.Release|Any CPU.ActiveCfg = Release|Any CPU
		{6BCA374E-6DA0-4450-B33C-CEEED956AC8B}.Release|Any CPU.Build.0 = Release|Any CPU
		{0DA70214-2C9C-40A9-9B69-43F07BF97314}.Debug|Any CPU.ActiveCfg = Debug|Any CPU
		{0DA70214-2C9C-40A9-9B69-43F07BF97314}.Debug|Any CPU.Build.0 = Debug|Any CPU
		{0DA70214-2C9C-40A9-9B69-43F07BF97314}.Package|Any CPU.ActiveCfg = Package|Any CPU
		{0DA70214-2C9C-40A9-9B69-43F07BF97314}.Package|Any CPU.Build.0 = Package|Any CPU
		{0DA70214-2C9C-40A9-9B69-43F07BF97314}.Release|Any CPU.ActiveCfg = Release|Any CPU
		{0DA70214-2C9C-40A9-9B69-43F07BF97314}.Release|Any CPU.Build.0 = Release|Any CPU
	EndGlobalSection
	GlobalSection(SolutionProperties) = preSolution
		HideSolutionNode = FALSE
	EndGlobalSection
	GlobalSection(ExtensibilityGlobals) = postSolution
		SolutionGuid = {36B9E4CF-2823-4049-B19D-B42FB83D06DB}
	EndGlobalSection
EndGlobal
